# This file is autogenerated, do not edit; changes may be undone by the next 'dep ensure'.


[[projects]]
  name = "github.com/docopt/docopt-go"
  packages = ["."]
  revision = "784ddc588536785e7299f7272f39101f7faccc3f"
  version = "0.6.2"

[[projects]]
  branch = "master"
  name = "github.com/reconquest/hierr-go"
  packages = ["."]
  revision = "7d09c0176fd2bb7fd71a4349d1253eef9edb2c5c"

[solve-meta]
  analyzer-name = "dep"
  analyzer-version = 1
  inputs-digest = "1fafbae2629b1f70d8243f2e9eb67bba1c44d5e1dc5a3dcf3e200225967c3bd2"
  solver-name = "gps-cdcl"
  solver-version = 1
